// !$*UTF8*$!
{
	archiveVersion = 1;
	classes = {
	};
	objectVersion = 46;
	objects = {

/* Begin PBXBuildFile section */
		514326F91B6B584000AFBA61 /* AppDelegate.swift in Sources */ = {isa = PBXBuildFile; fileRef = 514326F81B6B584000AFBA61 /* AppDelegate.swift */; };
		514326FB1B6B584000AFBA61 /* Images.xcassets in Resources */ = {isa = PBXBuildFile; fileRef = 514326FA1B6B584000AFBA61 /* Images.xcassets */; };
		514326FE1B6B584000AFBA61 /* MainMenu.xib in Resources */ = {isa = PBXBuildFile; fileRef = 514326FC1B6B584000AFBA61 /* MainMenu.xib */; };
		514327171B6B590F00AFBA61 /* TestWindowController.swift in Sources */ = {isa = PBXBuildFile; fileRef = 514327151B6B590F00AFBA61 /* TestWindowController.swift */; };
		514327181B6B590F00AFBA61 /* TestWindowController.xib in Resources */ = {isa = PBXBuildFile; fileRef = 514327161B6B590F00AFBA61 /* TestWindowController.xib */; };
/* End PBXBuildFile section */

/* Begin PBXFileReference section */
		514326F31B6B584000AFBA61 /* TestOnActiveSpace.app */ = {isa = PBXFileReference; explicitFileType = wrapper.application; includeInIndex = 0; path = TestOnActiveSpace.app; sourceTree = BUILT_PRODUCTS_DIR; };
		514326F71B6B584000AFBA61 /* Info.plist */ = {isa = PBXFileReference; lastKnownFileType = text.plist.xml; path = Info.plist; sourceTree = "<group>"; };
		514326F81B6B584000AFBA61 /* AppDelegate.swift */ = {isa = PBXFileReference; lastKnownFileType = sourcecode.swift; path = AppDelegate.swift; sourceTree = "<group>"; };
		514326FA1B6B584000AFBA61 /* Images.xcassets */ = {isa = PBXFileReference; lastKnownFileType = folder.assetcatalog; path = Images.xcassets; sourceTree = "<group>"; };
		514326FD1B6B584000AFBA61 /* Base */ = {isa = PBXFileReference; lastKnownFileType = file.xib; name = Base; path = Base.lproj/MainMenu.xib; sourceTree = "<group>"; };
		514327151B6B590F00AFBA61 /* TestWindowController.swift */ = {isa = PBXFileReference; fileEncoding = 4; lastKnownFileType = sourcecode.swift; path = TestWindowController.swift; sourceTree = "<group>"; };
		514327161B6B590F00AFBA61 /* TestWindowController.xib */ = {isa = PBXFileReference; fileEncoding = 4; lastKnownFileType = file.xib; path = TestWindowController.xib; sourceTree = "<group>"; };
/* End PBXFileReference section */

/* Begin PBXFrameworksBuildPhase section */
		514326F01B6B584000AFBA61 /* Frameworks */ = {
			isa = PBXFrameworksBuildPhase;
			buildActionMask = 2147483647;
			files = (
			);
			runOnlyForDeploymentPostprocessing = 0;
		};
/* End PBXFrameworksBuildPhase section */

/* Begin PBXGroup section */
		514326EA1B6B584000AFBA61 = {
			isa = PBXGroup;
			children = (
				514326F51B6B584000AFBA61 /* TestOnActiveSpace */,
				514326F41B6B584000AFBA61 /* Products */,
			);
			sourceTree = "<group>";
		};
		514326F41B6B584000AFBA61 /* Products */ = {
			isa = PBXGroup;
			children = (
				514326F31B6B584000AFBA61 /* TestOnActiveSpace.app */,
			);
			name = Products;
			sourceTree = "<group>";
		};
		514326F51B6B584000AFBA61 /* TestOnActiveSpace */ = {
			isa = PBXGroup;
			children = (
				514326F81B6B584000AFBA61 /* AppDelegate.swift */,
				514326FA1B6B584000AFBA61 /* Images.xcassets */,
				514326FC1B6B584000AFBA61 /* MainMenu.xib */,
				514327161B6B590F00AFBA61 /* TestWindowController.xib */,
				514327151B6B590F00AFBA61 /* TestWindowController.swift */,
				514326F61B6B584000AFBA61 /* Supporting Files */,
			);
			path = TestOnActiveSpace;
			sourceTree = "<group>";
		};
		514326F61B6B584000AFBA61 /* Supporting Files */ = {
			isa = PBXGroup;
			children = (
				514326F71B6B584000AFBA61 /* Info.plist */,
			);
			name = "Supporting Files";
			sourceTree = "<group>";
		};
/* End PBXGroup section */

/* Begin PBXNativeTarget section */
		514326F21B6B584000AFBA61 /* TestOnActiveSpace */ = {
			isa = PBXNativeTarget;
			buildConfigurationList = 5143270D1B6B584000AFBA61 /* Build configuration list for PBXNativeTarget "TestOnActiveSpace" */;
			buildPhases = (
				514326EF1B6B584000AFBA61 /* Sources */,
				514326F01B6B584000AFBA61 /* Frameworks */,
				514326F11B6B584000AFBA61 /* Resources */,
			);
			buildRules = (
			);
			dependencies = (
			);
			name = TestOnActiveSpace;
			productName = TestOnActiveSpace;
			productReference = 514326F31B6B584000AFBA61 /* TestOnActiveSpace.app */;
			productType = "com.apple.product-type.application";
		};
/* End PBXNativeTarget section */

/* Begin PBXProject section */
		514326EB1B6B584000AFBA61 /* Project object */ = {
			isa = PBXProject;
			attributes = {
				LastUpgradeCheck = 0640;
				ORGANIZATIONNAME = "Big Bear Labs";
				TargetAttributes = {
					514326F21B6B584000AFBA61 = {
						CreatedOnToolsVersion = 6.4;
					};
				};
			};
			buildConfigurationList = 514326EE1B6B584000AFBA61 /* Build configuration list for PBXProject "TestOnActiveSpace" */;
			compatibilityVersion = "Xcode 3.2";
			developmentRegion = English;
			hasScannedForEncodings = 0;
			knownRegions = (
				en,
				Base,
			);
			mainGroup = 514326EA1B6B584000AFBA61;
			productRefGroup = 514326F41B6B584000AFBA61 /* Products */;
			projectDirPath = "";
			projectRoot = "";
			targets = (
				514326F21B6B584000AFBA61 /* TestOnActiveSpace */,
			);
		};
/* End PBXProject section */

/* Begin PBXResourcesBuildPhase section */
		514326F11B6B584000AFBA61 /* Resources */ = {
			isa = PBXResourcesBuildPhase;
			buildActionMask = 2147483647;
			files = (
				514327181B6B590F00AFBA61 /* TestWindowController.xib in Resources */,
				514326FB1B6B584000AFBA61 /* Images.xcassets in Resources */,
				514326FE1B6B584000AFBA61 /* MainMenu.xib in Resources */,
			);
			runOnlyForDeploymentPostprocessing = 0;
		};
/* End PBXResourcesBuildPhase section */

/* Begin PBXSourcesBuildPhase section */
		514326EF1B6B584000AFBA61 /* Sources */ = {
			isa = PBXSourcesBuildPhase;
			buildActionMask = 2147483647;
			files = (
				514326F91B6B584000AFBA61 /* AppDelegate.swift in Sources */,
				514327171B6B590F00AFBA61 /* TestWindowController.swift in Sources */,
			);
			runOnlyForDeploymentPostprocessing = 0;
		};
/* End PBXSourcesBuildPhase section */

/* Begin PBXVariantGroup section */
		514326FC1B6B584000AFBA61 /* MainMenu.xib */ = {
			isa = PBXVariantGroup;
			children = (
				514326FD1B6B584000AFBA61 /* Base */,
			);
			name = MainMenu.xib;
			sourceTree = "<group>";
		};
/* End PBXVariantGroup section */

/* Begin XCBuildConfiguration section */
		5143270B1B6B584000AFBA61 /* Debug */ = {
			isa = XCBuildConfiguration;
			buildSettings = {
				ALWAYS_SEARCH_USER_PATHS = NO;
				CLANG_CXX_LANGUAGE_STANDARD = "gnu++0x";
				CLANG_CXX_LIBRARY = "libc++";
				CLANG_ENABLE_MODULES = YES;
				CLANG_ENABLE_OBJC_ARC = YES;
				CLANG_WARN_BOOL_CONVERSION = YES;
				CLANG_WARN_CONSTANT_CONVERSION = YES;
				CLANG_WARN_DIRECT_OBJC_ISA_USAGE = YES_ERROR;
				CLANG_WARN_EMPTY_BODY = YES;
				CLANG_WARN_ENUM_CONVERSION = YES;
				CLANG_WARN_INT_CONVERSION = YES;
				CLANG_WARN_OBJC_ROOT_CLASS = YES_ERROR;
				CLANG_WARN_UNREACHABLE_CODE = YES;
				CLANG_WARN__DUPLICATE_METHOD_MATCH = YES;
				CODE_SIGN_IDENTITY = "-";
				COPY_PHASE_STRIP = NO;
				DEBUG_INFORMATION_FORMAT = dwarf;
				ENABLE_STRICT_OBJC_MSGSEND = YES;
				GCC_C_LANGUAGE_STANDARD = gnu99;
				GCC_DYNAMIC_NO_PIC = NO;
				GCC_NO_COMMON_BLOCKS = YES;
				GCC_OPTIMIZATION_LEVEL = 0;
				GCC_PREPROCESSOR_DEFINITIONS = (
					"DEBUG=1",
					"$(inherited)",
				);
				GCC_SYMBOLS_PRIVATE_EXTERN = NO;
				GCC_WARN_64_TO_32_BIT_CONVERSION = YES;
				GCC_WARN_ABOUT_RETURN_TYPE = YES_ERROR;
				GCC_WARN_UNDECLARED_SELECTOR = YES;
				GCC_WARN_UNINITIALIZED_AUTOS = YES_AGGRESSIVE;
				GCC_WARN_UNUSED_FUNCTION = YES;
				GCC_WARN_UNUSED_VARIABLE = YES;
				MACOSX_DEPLOYMENT_TARGET = 10.10;
				MTL_ENABLE_DEBUG_INFO = YES;
				ONLY_ACTIVE_ARCH = YES;
				SDKROOT = macosx;
				SWIFT_OPTIMIZATION_LEVEL = "-Onone";
			};
			name = Debug;
		};
		5143270C1B6B584000AFBA61 /* Release */ = {
			isa = XCBuildConfiguration;
			buildSettings = {
				ALWAYS_SEARCH_USER_PATHS = NO;
				CLANG_CXX_LANGUAGE_STANDARD = "gnu++0x";
				CLANG_CXX_LIBRARY = "libc++";
				CLANG_ENABLE_MODULES = YES;
				CLANG_ENABLE_OBJC_ARC = YES;
				CLANG_WARN_BOOL_CONVERSION = YES;
				CLANG_WARN_CONSTANT_CONVERSION = YES;
				CLANG_WARN_DIRECT_OBJC_ISA_USAGE = YES_ERROR;
				CLANG_WARN_EMPTY_BODY = YES;
				CLANG_WARN_ENUM_CONVERSION = YES;
				CLANG_WARN_INT_CONVERSION = YES;
				CLANG_WARN_OBJC_ROOT_CLASS = YES_ERROR;
				CLANG_WARN_UNREACHABLE_CODE = YES;
				CLANG_WARN__DUPLICATE_METHOD_MATCH = YES;
				CODE_SIGN_IDENTITY = "-";
				COPY_PHASE_STRIP = NO;
				DEBUG_INFORMATION_FORMAT = "dwarf-with-dsym";
				ENABLE_NS_ASSERTIONS = NO;
				ENABLE_STRICT_OBJC_MSGSEND = YES;
				GCC_C_LANGUAGE_STANDARD = gnu99;
				GCC_NO_COMMON_BLOCKS = YES;
				GCC_WARN_64_TO_32_BIT_CONVERSION = YES;
				GCC_WARN_ABOUT_RETURN_TYPE = YES_ERROR;
				GCC_WARN_UNDECLARED_SELECTOR = YES;
				GCC_WARN_UNINITIALIZED_AUTOS = YES_AGGRESSIVE;
				GCC_WARN_UNUSED_FUNCTION = YES;
				GCC_WARN_UNUSED_VARIABLE = YES;
				MACOSX_DEPLOYMENT_TARGET = 10.10;
				MTL_ENABLE_DEBUG_INFO = NO;
				SDKROOT = macosx;
			};
			name = Release;
		};
		5143270E1B6B584000AFBA61 /* Debug */ = {
			isa = XCBuildConfiguration;
			buildSettings = {
				ASSETCATALOG_COMPILER_APPICON_NAME = AppIcon;
				COMBINE_HIDPI_IMAGES = YES;
				INFOPLIST_FILE = TestOnActiveSpace/Info.plist;
				LD_RUNPATH_SEARCH_PATHS = "$(inherited) @executable_path/../Frameworks";
				PRODUCT_NAME = "$(TARGET_NAME)";
			};
			name = Debug;
		};
		5143270F1B6B584000AFBA61 /* Release */ = {
			isa = XCBuildConfiguration;
			buildSettings = {
				ASSETCATALOG_COMPILER_APPICON_NAME = AppIcon;
				COMBINE_HIDPI_IMAGES = YES;
				INFOPLIST_FILE = TestOnActiveSpace/Info.plist;
				LD_RUNPATH_SEARCH_PATHS = "$(inherited) @executable_path/../Frameworks";
				PRODUCT_NAME = "$(TARGET_NAME)";
			};
			name = Release;
		};
/* End XCBuildConfiguration section */

/* Begin XCConfigurationList section */
		514326EE1B6B584000AFBA61 /* Build configuration list for PBXProject "TestOnActiveSpace" */ = {
			isa = XCConfigurationList;
			buildConfigurations = (
				5143270B1B6B584000AFBA61 /* Debug */,
				5143270C1B6B584000AFBA61 /* Release */,
			);
			defaultConfigurationIsVisible = 0;
			defaultConfigurationName = Release;
		};
		5143270D1B6B584000AFBA61 /* Build configuration list for PBXNativeTarget "TestOnActiveSpace" */ = {
			isa = XCConfigurationList;
			buildConfigurations = (
				5143270E1B6B584000AFBA61 /* Debug */,
				5143270F1B6B584000AFBA61 /* Release */,
			);
			defaultConfigurationIsVisible = 0;
			defaultConfigurationName = Release;
		};
/* End XCConfigurationList section */
	};
	rootObject = 514326EB1B6B584000AFBA61 /* Project object */;
}
